# This file is automatically @generated by Cargo.
# It is not intended for manual editing.
version = 3

[[package]]
name = "serde"
version = "1.0.130"
source = "registry+https://github.com/rust-lang/crates.io-index"
checksum = "f12d06bdd52953966330c8dd7d1f1569168a074867119881857318f64322b36e"

[[package]]
name = "maxminddb"
version = "0.5.0"
source = "registry+https://github.com/rust-lang/crates.io-index"
checksum = "1234567890abcdef"

[[package]]
name = "libheif-rs"
version = "0.30.0"
source = "registry+https://github.com/rust-lang/crates.io-index"
checksum = "1234567890abcdef"

[[package]]
name = "tokio"
version = "1.14.0"
source = "registry+https://github.com/rust-lang/crates.io-index"
checksum = "70e992e41e0d2fb9f70cdb43f2996760f61eb3c603f48817c4d972bf2d16131b"
dependencies = [
 "bytes",
 "libc",
 "memchr",
 "mio",
 "num_cpus",
 "pin-project-lite",
 "winapi",
]
